
Microsoft Visual Studio Solution File, Format Version 12.00
# Visual Studio Version 16
VisualStudioVersion = 16.0.33927.289
MinimumVisualStudioVersion = 10.0.40219.1
Project("{2150E333-8FDC-42A3-9474-1A3956D46DE8}") = "Task4", "Task4", "{F5AE8DB5-3595-4F4F-910F-EC36558C9180}"
EndProject
Project("{FAE04EC0-301F-11D3-BF4B-00C04F79EFBC}") = "Tyuiu.PopkovSV.Sprint6.Task4.V10.Lib", "Tyuiu.PopkovSV.Sprint6.Task4.V10.Lib\Tyuiu.PopkovSV.Sprint6.Task4.V10.Lib.csproj", "{8D50F7F3-217F-4C7E-B3DC-1C7413830582}"
EndProject
Project("{FAE04EC0-301F-11D3-BF4B-00C04F79EFBC}") = "Tyuiu.PopkovSV.Sprint6.Task4.V10.Test", "Tyuiu.PopkovSV.Sprint6.Task4.V10.Test\Tyuiu.PopkovSV.Sprint6.Task4.V10.Test.csproj", "{F7ECDC5C-E761-445A-95F6-8D2BBE74D231}"
EndProject
Project("{FAE04EC0-301F-11D3-BF4B-00C04F79EFBC}") = "Tyuiu.PopkovSV.Sprint6.Task4.V10", "Tyuiu.PopkovSV.Sprint6.Task4.V10\Tyuiu.PopkovSV.Sprint6.Task4.V10.csproj", "{19EEB78D-C5A7-4A92-9478-7FF9BB5D472A}"
EndProject
Project("{2150E333-8FDC-42A3-9474-1A3956D46DE8}") = "Task5", "Task5", "{157988EF-7D49-49C2-8AEC-94504E28DC85}"
EndProject
Project("{FAE04EC0-301F-11D3-BF4B-00C04F79EFBC}") = "Tyuiu.PopkovSV.Sprint6.Task5.V8.Lib", "Tyuiu.PopkovSV.Sprint6.Task5.V8.Lib\Tyuiu.PopkovSV.Sprint6.Task5.V8.Lib.csproj", "{5E91F201-F761-41F9-95E8-32F32040E327}"
EndProject
Project("{FAE04EC0-301F-11D3-BF4B-00C04F79EFBC}") = "Tyuiu.PopkovSV.Sprint6.Task5.V8.Test", "Tyuiu.PopkovSV.Sprint6.Task5.V8.Test\Tyuiu.PopkovSV.Sprint6.Task5.V8.Test.csproj", "{E7FB67C1-C844-45F3-8F9C-ADB0BEB97CD5}"
EndProject
Project("{FAE04EC0-301F-11D3-BF4B-00C04F79EFBC}") = "Tyuiu.PopkovSV.Sprint6.Task5.V8", "Tyuiu.PopkovSV.Sprint6.Task5.V8\Tyuiu.PopkovSV.Sprint6.Task5.V8.csproj", "{D1A5CA47-02B3-4E9D-890C-8B3A6942B8B5}"
EndProject
Project("{2150E333-8FDC-42A3-9474-1A3956D46DE8}") = "Task0", "Task0", "{F2C4D891-A280-42E6-A16A-68242E02143F}"
EndProject
Project("{FAE04EC0-301F-11D3-BF4B-00C04F79EFBC}") = "Tyuiu.PopkovSV.Sprint6.Task0.V1.Lib", "Tyuiu.PopkovSV.Sprint6.Task0.V1.Lib\Tyuiu.PopkovSV.Sprint6.Task0.V1.Lib.csproj", "{3FF8BD07-7420-45B5-90DB-4F62F11B1D5D}"
EndProject
Project("{FAE04EC0-301F-11D3-BF4B-00C04F79EFBC}") = "Tyuiu.PopkovSV.Sprint6.Task0.V1.Test", "Tyuiu.PopkovSV.Sprint6.Task0.V1.Test\Tyuiu.PopkovSV.Sprint6.Task0.V1.Test.csproj", "{A1F6BB07-2CAC-40D9-9960-D2B4B0CEAE1C}"
EndProject
Project("{FAE04EC0-301F-11D3-BF4B-00C04F79EFBC}") = "Tyuiu.PopkovSV.Sprint6.Task0.V1", "Tyuiu.PopkovSV.Sprint6.Task0.V1\Tyuiu.PopkovSV.Sprint6.Task0.V1.csproj", "{E60747E0-228F-4DD3-9C66-F820310FD80E}"
EndProject
Project("{2150E333-8FDC-42A3-9474-1A3956D46DE8}") = "Task1", "Task1", "{260058DD-5BE2-479D-B0FC-5036016FE6E7}"
EndProject
Project("{FAE04EC0-301F-11D3-BF4B-00C04F79EFBC}") = "Tyuiu.PopkovSV.Sprint6.Task1.V5.Lib", "Tyuiu.PopkovSV.Sprint6.Task1.V5.Lib\Tyuiu.PopkovSV.Sprint6.Task1.V5.Lib.csproj", "{730DFD25-F5FA-4CBB-BA4B-11F4B62890BF}"
EndProject
Project("{FAE04EC0-301F-11D3-BF4B-00C04F79EFBC}") = "Tyuiu.PopkovSV.Sprint6.Task1.V5.Test", "Tyuiu.PopkovSV.Sprint6.Task1.V5.Test\Tyuiu.PopkovSV.Sprint6.Task1.V5.Test.csproj", "{581B64C5-9EE6-4F0E-9B35-23FFEA39EC1A}"
EndProject
Project("{FAE04EC0-301F-11D3-BF4B-00C04F79EFBC}") = "Tyuiu.PopkovSV.Sprint6.Task1.V5", "Tyuiu.PopkovSV.Sprint6.Task1.V5\Tyuiu.PopkovSV.Sprint6.Task1.V5.csproj", "{61D29178-AAC4-40C2-9648-3704F3080B1D}"
EndProject
Project("{2150E333-8FDC-42A3-9474-1A3956D46DE8}") = "Task2", "Task2", "{F45EADEE-BD05-4D48-8ED1-0C20B535C437}"
EndProject
Project("{FAE04EC0-301F-11D3-BF4B-00C04F79EFBC}") = "Tyuiu.PopkovSV.Sprint6.Task2.V12.Lib", "Tyuiu.PopkovSV.Sprint6.Task2.V12.Lib\Tyuiu.PopkovSV.Sprint6.Task2.V12.Lib.csproj", "{DBEAD20E-00FE-4690-9555-50F7E3378C59}"
EndProject
Project("{FAE04EC0-301F-11D3-BF4B-00C04F79EFBC}") = "Tyuiu.PopkovSV.Sprint6.Task2.V12.Test", "Tyuiu.PopkovSV.Sprint6.Task2.V12.Test\Tyuiu.PopkovSV.Sprint6.Task2.V12.Test.csproj", "{CBC500F6-B1C6-42B0-BD21-ACA0B1BA1EA7}"
EndProject
Project("{FAE04EC0-301F-11D3-BF4B-00C04F79EFBC}") = "Tyuiu.PopkovSV.Sprint6.Task2.V12", "Tyuiu.PopkovSV.Sprint6.Task2.V12\Tyuiu.PopkovSV.Sprint6.Task2.V12.csproj", "{46FBDE64-AD62-4069-8E6A-BBFADA3DA09B}"
EndProject
Project("{2150E333-8FDC-42A3-9474-1A3956D46DE8}") = "Task3", "Task3", "{CA91CCD1-CC99-4E08-9954-AB1730E848E9}"
EndProject
Project("{FAE04EC0-301F-11D3-BF4B-00C04F79EFBC}") = "Tyuiu.PopkovSV.Sprint6.Task3.V7.Lib", "Tyuiu.PopkovSV.Sprint6.Task3.V7.Lib\Tyuiu.PopkovSV.Sprint6.Task3.V7.Lib.csproj", "{8A31DA60-7BE7-4C92-89A5-089DF58B0779}"
EndProject
Project("{FAE04EC0-301F-11D3-BF4B-00C04F79EFBC}") = "Tyuiu.PopkovSV.Sprint6.Task3.V7.Test", "Tyuiu.PopkovSV.Sprint6.Task3.V7.Test\Tyuiu.PopkovSV.Sprint6.Task3.V7.Test.csproj", "{5813D742-8416-4D15-9E7F-E523F452F7C2}"
EndProject
Project("{FAE04EC0-301F-11D3-BF4B-00C04F79EFBC}") = "Tyuiu.PopkovSV.Sprint6.Task3.V7", "Tyuiu.PopkovSV.Sprint6.Task3.V7\Tyuiu.PopkovSV.Sprint6.Task3.V7.csproj", "{E9909EFC-A7D9-4243-90A5-A6CA969F3CBC}"
EndProject
Project("{2150E333-8FDC-42A3-9474-1A3956D46DE8}") = "Task6", "Task6", "{A6D8ADA7-B5DD-4602-AC91-9E7D6AC5EF31}"
EndProject
Project("{FAE04EC0-301F-11D3-BF4B-00C04F79EFBC}") = "Tyuiu.PopkovSV.Sprint6.Task6.V23.Lib", "Tyuiu.PopkovSV.Sprint6.Task6.V23.Lib\Tyuiu.PopkovSV.Sprint6.Task6.V23.Lib.csproj", "{38352BB0-155D-46FD-B1C4-8C187B6317BB}"
EndProject
Project("{FAE04EC0-301F-11D3-BF4B-00C04F79EFBC}") = "Tyuiu.PopkovSV.Sprint6.Task6.V23.Test", "Tyuiu.PopkovSV.Sprint6.Task6.V23.Test\Tyuiu.PopkovSV.Sprint6.Task6.V23.Test.csproj", "{4F4C5F34-0C3F-45A9-A9EF-3A6310EB4F2B}"
EndProject
Project("{FAE04EC0-301F-11D3-BF4B-00C04F79EFBC}") = "Tyuiu.PopkovSV.Sprint6.Task6.V23", "Tyuiu.PopkovSV.Sprint6.Task6.V23\Tyuiu.PopkovSV.Sprint6.Task6.V23.csproj", "{B4498482-AEFC-41F8-90F3-EBBA22EE6660}"
EndProject
Project("{2150E333-8FDC-42A3-9474-1A3956D46DE8}") = "Task7", "Task7", "{966BA77A-A405-45CF-9F15-A739B9CB4759}"
EndProject
Project("{FAE04EC0-301F-11D3-BF4B-00C04F79EFBC}") = "Tyuiu.PopkovSV.Sprint6.Task7.V16.Lib", "Tyuiu.PopkovSV.Sprint6.Task7.V16.Lib\Tyuiu.PopkovSV.Sprint6.Task7.V16.Lib.csproj", "{DFF859CD-2F7C-4F1E-B9A0-24848C27485C}"
EndProject
Project("{FAE04EC0-301F-11D3-BF4B-00C04F79EFBC}") = "Tyuiu.PopkovSV.Sprint6.Task7.V16.Test", "Tyuiu.PopkovSV.Sprint6.Task7.V16.Test\Tyuiu.PopkovSV.Sprint6.Task7.V16.Test.csproj", "{B531AF02-2E64-419E-A975-505A6737AD4D}"
EndProject
Project("{FAE04EC0-301F-11D3-BF4B-00C04F79EFBC}") = "Tyuiu.PopkovSV.Sprint6.Task7.V16", "Tyuiu.PopkovSV.Sprint6.Task7.V16\Tyuiu.PopkovSV.Sprint6.Task7.V16.csproj", "{BD8F82F0-1094-4AB1-94DB-F08E24CBB351}"
EndProject
Global
	GlobalSection(SolutionConfigurationPlatforms) = preSolution
		Debug|Any CPU = Debug|Any CPU
		Release|Any CPU = Release|Any CPU
	EndGlobalSection
	GlobalSection(ProjectConfigurationPlatforms) = postSolution
		{8D50F7F3-217F-4C7E-B3DC-1C7413830582}.Debug|Any CPU.ActiveCfg = Debug|Any CPU
		{8D50F7F3-217F-4C7E-B3DC-1C7413830582}.Debug|Any CPU.Build.0 = Debug|Any CPU
		{8D50F7F3-217F-4C7E-B3DC-1C7413830582}.Release|Any CPU.ActiveCfg = Release|Any CPU
		{8D50F7F3-217F-4C7E-B3DC-1C7413830582}.Release|Any CPU.Build.0 = Release|Any CPU
		{F7ECDC5C-E761-445A-95F6-8D2BBE74D231}.Debug|Any CPU.ActiveCfg = Debug|Any CPU
		{F7ECDC5C-E761-445A-95F6-8D2BBE74D231}.Debug|Any CPU.Build.0 = Debug|Any CPU
		{F7ECDC5C-E761-445A-95F6-8D2BBE74D231}.Release|Any CPU.ActiveCfg = Release|Any CPU
		{F7ECDC5C-E761-445A-95F6-8D2BBE74D231}.Release|Any CPU.Build.0 = Release|Any CPU
		{19EEB78D-C5A7-4A92-9478-7FF9BB5D472A}.Debug|Any CPU.ActiveCfg = Debug|Any CPU
		{19EEB78D-C5A7-4A92-9478-7FF9BB5D472A}.Debug|Any CPU.Build.0 = Debug|Any CPU
		{19EEB78D-C5A7-4A92-9478-7FF9BB5D472A}.Release|Any CPU.ActiveCfg = Release|Any CPU
		{19EEB78D-C5A7-4A92-9478-7FF9BB5D472A}.Release|Any CPU.Build.0 = Release|Any CPU
		{5E91F201-F761-41F9-95E8-32F32040E327}.Debug|Any CPU.ActiveCfg = Debug|Any CPU
		{5E91F201-F761-41F9-95E8-32F32040E327}.Debug|Any CPU.Build.0 = Debug|Any CPU
		{5E91F201-F761-41F9-95E8-32F32040E327}.Release|Any CPU.ActiveCfg = Release|Any CPU
		{5E91F201-F761-41F9-95E8-32F32040E327}.Release|Any CPU.Build.0 = Release|Any CPU
		{E7FB67C1-C844-45F3-8F9C-ADB0BEB97CD5}.Debug|Any CPU.ActiveCfg = Debug|Any CPU
		{E7FB67C1-C844-45F3-8F9C-ADB0BEB97CD5}.Debug|Any CPU.Build.0 = Debug|Any CPU
		{E7FB67C1-C844-45F3-8F9C-ADB0BEB97CD5}.Release|Any CPU.ActiveCfg = Release|Any CPU
		{E7FB67C1-C844-45F3-8F9C-ADB0BEB97CD5}.Release|Any CPU.Build.0 = Release|Any CPU
		{D1A5CA47-02B3-4E9D-890C-8B3A6942B8B5}.Debug|Any CPU.ActiveCfg = Debug|Any CPU
		{D1A5CA47-02B3-4E9D-890C-8B3A6942B8B5}.Debug|Any CPU.Build.0 = Debug|Any CPU
		{D1A5CA47-02B3-4E9D-890C-8B3A6942B8B5}.Release|Any CPU.ActiveCfg = Release|Any CPU
		{D1A5CA47-02B3-4E9D-890C-8B3A6942B8B5}.Release|Any CPU.Build.0 = Release|Any CPU
		{3FF8BD07-7420-45B5-90DB-4F62F11B1D5D}.Debug|Any CPU.ActiveCfg = Debug|Any CPU
		{3FF8BD07-7420-45B5-90DB-4F62F11B1D5D}.Debug|Any CPU.Build.0 = Debug|Any CPU
		{3FF8BD07-7420-45B5-90DB-4F62F11B1D5D}.Release|Any CPU.ActiveCfg = Release|Any CPU
		{3FF8BD07-7420-45B5-90DB-4F62F11B1D5D}.Release|Any CPU.Build.0 = Release|Any CPU
		{A1F6BB07-2CAC-40D9-9960-D2B4B0CEAE1C}.Debug|Any CPU.ActiveCfg = Debug|Any CPU
		{A1F6BB07-2CAC-40D9-9960-D2B4B0CEAE1C}.Debug|Any CPU.Build.0 = Debug|Any CPU
		{A1F6BB07-2CAC-40D9-9960-D2B4B0CEAE1C}.Release|Any CPU.ActiveCfg = Release|Any CPU
		{A1F6BB07-2CAC-40D9-9960-D2B4B0CEAE1C}.Release|Any CPU.Build.0 = Release|Any CPU
		{E60747E0-228F-4DD3-9C66-F820310FD80E}.Debug|Any CPU.ActiveCfg = Debug|Any CPU
		{E60747E0-228F-4DD3-9C66-F820310FD80E}.Debug|Any CPU.Build.0 = Debug|Any CPU
		{E60747E0-228F-4DD3-9C66-F820310FD80E}.Release|Any CPU.ActiveCfg = Release|Any CPU
		{E60747E0-228F-4DD3-9C66-F820310FD80E}.Release|Any CPU.Build.0 = Release|Any CPU
		{730DFD25-F5FA-4CBB-BA4B-11F4B62890BF}.Debug|Any CPU.ActiveCfg = Debug|Any CPU
		{730DFD25-F5FA-4CBB-BA4B-11F4B62890BF}.Debug|Any CPU.Build.0 = Debug|Any CPU
		{730DFD25-F5FA-4CBB-BA4B-11F4B62890BF}.Release|Any CPU.ActiveCfg = Release|Any CPU
		{730DFD25-F5FA-4CBB-BA4B-11F4B62890BF}.Release|Any CPU.Build.0 = Release|Any CPU
		{581B64C5-9EE6-4F0E-9B35-23FFEA39EC1A}.Debug|Any CPU.ActiveCfg = Debug|Any CPU
		{581B64C5-9EE6-4F0E-9B35-23FFEA39EC1A}.Debug|Any CPU.Build.0 = Debug|Any CPU
		{581B64C5-9EE6-4F0E-9B35-23FFEA39EC1A}.Release|Any CPU.ActiveCfg = Release|Any CPU
		{581B64C5-9EE6-4F0E-9B35-23FFEA39EC1A}.Release|Any CPU.Build.0 = Release|Any CPU
		{61D29178-AAC4-40C2-9648-3704F3080B1D}.Debug|Any CPU.ActiveCfg = Debug|Any CPU
		{61D29178-AAC4-40C2-9648-3704F3080B1D}.Debug|Any CPU.Build.0 = Debug|Any CPU
		{61D29178-AAC4-40C2-9648-3704F3080B1D}.Release|Any CPU.ActiveCfg = Release|Any CPU
		{61D29178-AAC4-40C2-9648-3704F3080B1D}.Release|Any CPU.Build.0 = Release|Any CPU
		{DBEAD20E-00FE-4690-9555-50F7E3378C59}.Debug|Any CPU.ActiveCfg = Debug|Any CPU
		{DBEAD20E-00FE-4690-9555-50F7E3378C59}.Debug|Any CPU.Build.0 = Debug|Any CPU
		{DBEAD20E-00FE-4690-9555-50F7E3378C59}.Release|Any CPU.ActiveCfg = Release|Any CPU
		{DBEAD20E-00FE-4690-9555-50F7E3378C59}.Release|Any CPU.Build.0 = Release|Any CPU
		{CBC500F6-B1C6-42B0-BD21-ACA0B1BA1EA7}.Debug|Any CPU.ActiveCfg = Debug|Any CPU
		{CBC500F6-B1C6-42B0-BD21-ACA0B1BA1EA7}.Debug|Any CPU.Build.0 = Debug|Any CPU
		{CBC500F6-B1C6-42B0-BD21-ACA0B1BA1EA7}.Release|Any CPU.ActiveCfg = Release|Any CPU
		{CBC500F6-B1C6-42B0-BD21-ACA0B1BA1EA7}.Release|Any CPU.Build.0 = Release|Any CPU
		{46FBDE64-AD62-4069-8E6A-BBFADA3DA09B}.Debug|Any CPU.ActiveCfg = Debug|Any CPU
		{46FBDE64-AD62-4069-8E6A-BBFADA3DA09B}.Debug|Any CPU.Build.0 = Debug|Any CPU
		{46FBDE64-AD62-4069-8E6A-BBFADA3DA09B}.Release|Any CPU.ActiveCfg = Release|Any CPU
		{46FBDE64-AD62-4069-8E6A-BBFADA3DA09B}.Release|Any CPU.Build.0 = Release|Any CPU
		{8A31DA60-7BE7-4C92-89A5-089DF58B0779}.Debug|Any CPU.ActiveCfg = Debug|Any CPU
		{8A31DA60-7BE7-4C92-89A5-089DF58B0779}.Debug|Any CPU.Build.0 = Debug|Any CPU
		{8A31DA60-7BE7-4C92-89A5-089DF58B0779}.Release|Any CPU.ActiveCfg = Release|Any CPU
		{8A31DA60-7BE7-4C92-89A5-089DF58B0779}.Release|Any CPU.Build.0 = Release|Any CPU
		{5813D742-8416-4D15-9E7F-E523F452F7C2}.Debug|Any CPU.ActiveCfg = Debug|Any CPU
		{5813D742-8416-4D15-9E7F-E523F452F7C2}.Debug|Any CPU.Build.0 = Debug|Any CPU
		{5813D742-8416-4D15-9E7F-E523F452F7C2}.Release|Any CPU.ActiveCfg = Release|Any CPU
		{5813D742-8416-4D15-9E7F-E523F452F7C2}.Release|Any CPU.Build.0 = Release|Any CPU
		{E9909EFC-A7D9-4243-90A5-A6CA969F3CBC}.Debug|Any CPU.ActiveCfg = Debug|Any CPU
		{E9909EFC-A7D9-4243-90A5-A6CA969F3CBC}.Debug|Any CPU.Build.0 = Debug|Any CPU
		{E9909EFC-A7D9-4243-90A5-A6CA969F3CBC}.Release|Any CPU.ActiveCfg = Release|Any CPU
		{E9909EFC-A7D9-4243-90A5-A6CA969F3CBC}.Release|Any CPU.Build.0 = Release|Any CPU
		{38352BB0-155D-46FD-B1C4-8C187B6317BB}.Debug|Any CPU.ActiveCfg = Debug|Any CPU
		{38352BB0-155D-46FD-B1C4-8C187B6317BB}.Debug|Any CPU.Build.0 = Debug|Any CPU
		{38352BB0-155D-46FD-B1C4-8C187B6317BB}.Release|Any CPU.ActiveCfg = Release|Any CPU
		{38352BB0-155D-46FD-B1C4-8C187B6317BB}.Release|Any CPU.Build.0 = Release|Any CPU
		{4F4C5F34-0C3F-45A9-A9EF-3A6310EB4F2B}.Debug|Any CPU.ActiveCfg = Debug|Any CPU
		{4F4C5F34-0C3F-45A9-A9EF-3A6310EB4F2B}.Debug|Any CPU.Build.0 = Debug|Any CPU
		{4F4C5F34-0C3F-45A9-A9EF-3A6310EB4F2B}.Release|Any CPU.ActiveCfg = Release|Any CPU
		{4F4C5F34-0C3F-45A9-A9EF-3A6310EB4F2B}.Release|Any CPU.Build.0 = Release|Any CPU
		{B4498482-AEFC-41F8-90F3-EBBA22EE6660}.Debug|Any CPU.ActiveCfg = Debug|Any CPU
		{B4498482-AEFC-41F8-90F3-EBBA22EE6660}.Debug|Any CPU.Build.0 = Debug|Any CPU
		{B4498482-AEFC-41F8-90F3-EBBA22EE6660}.Release|Any CPU.ActiveCfg = Release|Any CPU
		{B4498482-AEFC-41F8-90F3-EBBA22EE6660}.Release|Any CPU.Build.0 = Release|Any CPU
		{DFF859CD-2F7C-4F1E-B9A0-24848C27485C}.Debug|Any CPU.ActiveCfg = Debug|Any CPU
		{DFF859CD-2F7C-4F1E-B9A0-24848C27485C}.Debug|Any CPU.Build.0 = Debug|Any CPU
		{DFF859CD-2F7C-4F1E-B9A0-24848C27485C}.Release|Any CPU.ActiveCfg = Release|Any CPU
		{DFF859CD-2F7C-4F1E-B9A0-24848C27485C}.Release|Any CPU.Build.0 = Release|Any CPU
		{B531AF02-2E64-419E-A975-505A6737AD4D}.Debug|Any CPU.ActiveCfg = Debug|Any CPU
		{B531AF02-2E64-419E-A975-505A6737AD4D}.Debug|Any CPU.Build.0 = Debug|Any CPU
		{B531AF02-2E64-419E-A975-505A6737AD4D}.Release|Any CPU.ActiveCfg = Release|Any CPU
		{B531AF02-2E64-419E-A975-505A6737AD4D}.Release|Any CPU.Build.0 = Release|Any CPU
		{BD8F82F0-1094-4AB1-94DB-F08E24CBB351}.Debug|Any CPU.ActiveCfg = Debug|Any CPU
		{BD8F82F0-1094-4AB1-94DB-F08E24CBB351}.Debug|Any CPU.Build.0 = Debug|Any CPU
		{BD8F82F0-1094-4AB1-94DB-F08E24CBB351}.Release|Any CPU.ActiveCfg = Release|Any CPU
		{BD8F82F0-1094-4AB1-94DB-F08E24CBB351}.Release|Any CPU.Build.0 = Release|Any CPU
	EndGlobalSection
	GlobalSection(SolutionProperties) = preSolution
		HideSolutionNode = FALSE
	EndGlobalSection
	GlobalSection(NestedProjects) = preSolution
		{8D50F7F3-217F-4C7E-B3DC-1C7413830582} = {F5AE8DB5-3595-4F4F-910F-EC36558C9180}
		{F7ECDC5C-E761-445A-95F6-8D2BBE74D231} = {F5AE8DB5-3595-4F4F-910F-EC36558C9180}
		{19EEB78D-C5A7-4A92-9478-7FF9BB5D472A} = {F5AE8DB5-3595-4F4F-910F-EC36558C9180}
		{5E91F201-F761-41F9-95E8-32F32040E327} = {157988EF-7D49-49C2-8AEC-94504E28DC85}
		{E7FB67C1-C844-45F3-8F9C-ADB0BEB97CD5} = {157988EF-7D49-49C2-8AEC-94504E28DC85}
		{D1A5CA47-02B3-4E9D-890C-8B3A6942B8B5} = {157988EF-7D49-49C2-8AEC-94504E28DC85}
		{3FF8BD07-7420-45B5-90DB-4F62F11B1D5D} = {F2C4D891-A280-42E6-A16A-68242E02143F}
		{A1F6BB07-2CAC-40D9-9960-D2B4B0CEAE1C} = {F2C4D891-A280-42E6-A16A-68242E02143F}
		{E60747E0-228F-4DD3-9C66-F820310FD80E} = {F2C4D891-A280-42E6-A16A-68242E02143F}
		{730DFD25-F5FA-4CBB-BA4B-11F4B62890BF} = {260058DD-5BE2-479D-B0FC-5036016FE6E7}
		{581B64C5-9EE6-4F0E-9B35-23FFEA39EC1A} = {260058DD-5BE2-479D-B0FC-5036016FE6E7}
		{61D29178-AAC4-40C2-9648-3704F3080B1D} = {260058DD-5BE2-479D-B0FC-5036016FE6E7}
		{DBEAD20E-00FE-4690-9555-50F7E3378C59} = {F45EADEE-BD05-4D48-8ED1-0C20B535C437}
		{CBC500F6-B1C6-42B0-BD21-ACA0B1BA1EA7} = {F45EADEE-BD05-4D48-8ED1-0C20B535C437}
		{46FBDE64-AD62-4069-8E6A-BBFADA3DA09B} = {F45EADEE-BD05-4D48-8ED1-0C20B535C437}
		{8A31DA60-7BE7-4C92-89A5-089DF58B0779} = {CA91CCD1-CC99-4E08-9954-AB1730E848E9}
		{5813D742-8416-4D15-9E7F-E523F452F7C2} = {CA91CCD1-CC99-4E08-9954-AB1730E848E9}
		{E9909EFC-A7D9-4243-90A5-A6CA969F3CBC} = {CA91CCD1-CC99-4E08-9954-AB1730E848E9}
		{38352BB0-155D-46FD-B1C4-8C187B6317BB} = {A6D8ADA7-B5DD-4602-AC91-9E7D6AC5EF31}
		{4F4C5F34-0C3F-45A9-A9EF-3A6310EB4F2B} = {A6D8ADA7-B5DD-4602-AC91-9E7D6AC5EF31}
		{B4498482-AEFC-41F8-90F3-EBBA22EE6660} = {A6D8ADA7-B5DD-4602-AC91-9E7D6AC5EF31}
		{DFF859CD-2F7C-4F1E-B9A0-24848C27485C} = {966BA77A-A405-45CF-9F15-A739B9CB4759}
		{B531AF02-2E64-419E-A975-505A6737AD4D} = {966BA77A-A405-45CF-9F15-A739B9CB4759}
		{BD8F82F0-1094-4AB1-94DB-F08E24CBB351} = {966BA77A-A405-45CF-9F15-A739B9CB4759}
	EndGlobalSection
	GlobalSection(ExtensibilityGlobals) = postSolution
		SolutionGuid = {950071C7-FC57-446D-BA13-288E2CACF20D}
	EndGlobalSection
EndGlobal
